
Microsoft Visual Studio Solution File, Format Version 12.00
# Visual Studio Version 16
VisualStudioVersion = 16.0.30503.244
MinimumVisualStudioVersion = 10.0.40219.1
Project("{8BC9CEB8-8B4A-11D0-8D11-00A0C91BC942}") = "laba_vvp6_4", "laba_vvp6_4\laba_vvp6_4.vcxproj", "{60A7D24D-1399-424B-8E76-CE82F54D88EA}"
EndProject
Global
	GlobalSection(SolutionConfigurationPlatforms) = preSolution
		Debug|x64 = Debug|x64
		Debug|x86 = Debug|x86
		Release|x64 = Release|x64
		Release|x86 = Release|x86
	EndGlobalSection
	GlobalSection(ProjectConfigurationPlatforms) = postSolution
		{60A7D24D-1399-424B-8E76-CE82F54D88EA}.Debug|x64.ActiveCfg = Debug|x64
		{60A7D24D-1399-424B-8E76-CE82F54D88EA}.Debug|x64.Build.0 = Debug|x64
		{60A7D24D-1399-424B-8E76-CE82F54D88EA}.Debug|x86.ActiveCfg = Debug|Win32
		{60A7D24D-1399-424B-8E76-CE82F54D88EA}.Debug|x86.Build.0 = Debug|Win32
		{60A7D24D-1399-424B-8E76-CE82F54D88EA}.Release|x64.ActiveCfg = Release|x64
		{60A7D24D-1399-424B-8E76-CE82F54D88EA}.Release|x64.Build.0 = Release|x64
		{60A7D24D-1399-424B-8E76-CE82F54D88EA}.Release|x86.ActiveCfg = Release|Win32
		{60A7D24D-1399-424B-8E76-CE82F54D88EA}.Release|x86.Build.0 = Release|Win32
	EndGlobalSection
	GlobalSection(SolutionProperties) = preSolution
		HideSolutionNode = FALSE
	EndGlobalSection
	GlobalSection(ExtensibilityGlobals) = postSolution
		SolutionGuid = {2F9613ED-C2FA-41E8-955C-F21DACBDD9EC}
	EndGlobalSection
EndGlobal
